
Microsoft Visual Studio Solution File, Format Version 12.00
# Visual Studio 15
VisualStudioVersion = 15.0.27703.2026
MinimumVisualStudioVersion = 10.0.40219.1
Project("{FAE04EC0-301F-11D3-BF4B-00C04F79EFBC}") = "MyQTest", "MyQ Test\MyQTest.csproj", "{CAF5D131-B6C5-4A60-BE19-E7F025F7EB64}"
EndProject
Global
	GlobalSection(SolutionConfigurationPlatforms) = preSolution
		Debug|Any CPU = Debug|Any CPU
		Release|Any CPU = Release|Any CPU
	EndGlobalSection
	GlobalSection(ProjectConfigurationPlatforms) = postSolution
		{CAF5D131-B6C5-4A60-BE19-E7F025F7EB64}.Debug|Any CPU.ActiveCfg = Debug|Any CPU
		{CAF5D131-B6C5-4A60-BE19-E7F025F7EB64}.Debug|Any CPU.Build.0 = Debug|Any CPU
		{CAF5D131-B6C5-4A60-BE19-E7F025F7EB64}.Release|Any CPU.ActiveCfg = Release|Any CPU
		{CAF5D131-B6C5-4A60-BE19-E7F025F7EB64}.Release|Any CPU.Build.0 = Release|Any CPU
	EndGlobalSection
	GlobalSection(SolutionProperties) = preSolution
		HideSolutionNode = FALSE
	EndGlobalSection
	GlobalSection(ExtensibilityGlobals) = postSolution
		SolutionGuid = {6DE87FC9-508A-453D-8ED1-980B1595D36E}
	EndGlobalSection
EndGlobal
